# This file is autogenerated, do not edit; changes may be undone by the next 'dep ensure'.


[[projects]]
  name = "github.com/go-chi/chi"
  packages = [".","middleware","render"]
  revision = "967844826e58cf31213a7dfb82455d242ad85101"
  version = "v3.0.0"

[[projects]]
  name = "github.com/go-chi/cors"
  packages = ["."]
  revision = "dba6525398619dead495962a916728e7ee2ca322"
  version = "v1.0.0"

[[projects]]
  name = "github.com/pressly/chi"
  packages = ["."]
  revision = "04ec7fc4179604b2390947258f9143eaae23b596"
  version = "v3.2.1"

[solve-meta]
  analyzer-name = "dep"
  analyzer-version = 1
  inputs-digest = "c619407b2dd36012efe865bb8f0de5ae4f9ea48ca0063f7fb659a6f2804f28cd"
  solver-name = "gps-cdcl"
  solver-version = 1
